{
  "originHash" : "97c295a77e760e08c31e475b399e90eef267e170ddb8572f5abc577508541dfa",
  "pins" : [
    {
      "identity" : "ringbuffer",
      "kind" : "remoteSourceControl",
      "location" : "https://github.com/alexkhesin/RingBuffer",
      "state" : {
        "revision" : "0c9856f7fecce415ace137cf32d3692bab9db51a",
        "version" : "1.0.0"
      }
    },
    {
      "identity" : "simpleping",
      "kind" : "remoteSourceControl",
      "location" : "https://github.com/alexkhesin/SimplePing",
      "state" : {
        "revision" : "68e44505500806c5ee6ce2b2df12d429a7619070",
        "version" : "1.4.0"
      }
    }
  ],
  "version" : 3
}
