{
  "originHash" : "0c563be846f22abe85bc4a03ac2b512323c4a7e09b876c65f6d1c080e2d8fc8e",
  "pins" : [
    {
      "identity" : "ringbuffer",
      "kind" : "remoteSourceControl",
      "location" : "https://github.com/alexkhesin/RingBuffer",
      "state" : {
        "revision" : "0c9856f7fecce415ace137cf32d3692bab9db51a",
        "version" : "1.0.0"
      }
    },
    {
      "identity" : "simpleping",
      "kind" : "remoteSourceControl",
      "location" : "https://github.com/alexkhesin/SimplePing",
      "state" : {
        "revision" : "68e44505500806c5ee6ce2b2df12d429a7619070",
        "version" : "1.4.0"
      }
    },
    {
      "identity" : "sparkle",
      "kind" : "remoteSourceControl",
      "location" : "https://github.com/sparkle-project/Sparkle",
      "state" : {
        "revision" : "0ca3004e98712ea2b39dd881d28448630cce1c99",
        "version" : "2.7.0"
      }
    }
  ],
  "version" : 3
}
